Microsoft Visual Studio Solution File, Format Version 12.00
# Visual Studio Version 18
VisualStudioVersion = 18.5.11716.220
MinimumVisualStudioVersion = 10.0.40219.1
Project("{FAE04EC0-301F-11D3-BF4B-00C04F79EFBC}") = "SectionLogins", "SectionLogins.csproj", "{D1D31683-F0E6-DFC8-1DB0-E03310AE936C}"
EndProject
Project("{FAE04EC0-301F-11D3-BF4B-00C04F79EFBC}") = "AlagaTrackFrontEnd", "AlagaTrackFrontEnd.csproj", "{E2D41684-F1F7-EFD9-2EC1-F04421BF047D}"
EndProject
Project("{FAE04EC0-301F-11D3-BF4B-00C04F79EFBC}") = "MiniFrames", "Dashboard\MiniFrames\MiniFrames.csproj", "{DB25978F-9E2B-967C-4518-395FE9FE4D79}"
EndProject
Global
	GlobalSection(SolutionConfigurationPlatforms) = preSolution
		Debug|Any CPU = Debug|Any CPU
		Release|Any CPU = Release|Any CPU
	EndGlobalSection
	GlobalSection(ProjectConfigurationPlatforms) = postSolution
		{D1D31683-F0E6-DFC8-1DB0-E03310AE936C}.Debug|Any CPU.ActiveCfg = Debug|Any CPU
		{D1D31683-F0E6-DFC8-1DB0-E03310AE936C}.Debug|Any CPU.Build.0 = Debug|Any CPU
		{D1D31683-F0E6-DFC8-1DB0-E03310AE936C}.Release|Any CPU.ActiveCfg = Release|Any CPU
		{D1D31683-F0E6-DFC8-1DB0-E03310AE936C}.Release|Any CPU.Build.0 = Release|Any CPU
		{E2D41684-F1F7-EFD9-2EC1-F04421BF047D}.Debug|Any CPU.ActiveCfg = Debug|Any CPU
		{E2D41684-F1F7-EFD9-2EC1-F04421BF047D}.Debug|Any CPU.Build.0 = Debug|Any CPU
		{E2D41684-F1F7-EFD9-2EC1-F04421BF047D}.Release|Any CPU.ActiveCfg = Release|Any CPU
		{E2D41684-F1F7-EFD9-2EC1-F04421BF047D}.Release|Any CPU.Build.0 = Release|Any CPU
		{DB25978F-9E2B-967C-4518-395FE9FE4D79}.Debug|Any CPU.ActiveCfg = Debug|Any CPU
		{DB25978F-9E2B-967C-4518-395FE9FE4D79}.Debug|Any CPU.Build.0 = Debug|Any CPU
		{DB25978F-9E2B-967C-4518-395FE9FE4D79}.Release|Any CPU.ActiveCfg = Release|Any CPU
		{DB25978F-9E2B-967C-4518-395FE9FE4D79}.Release|Any CPU.Build.0 = Release|Any CPU
	EndGlobalSection
	GlobalSection(SolutionProperties) = preSolution
		HideSolutionNode = FALSE
	EndGlobalSection
	GlobalSection(ExtensibilityGlobals) = postSolution
		SolutionGuid = {64963F31-9F1C-42D2-82E5-00A262D55C84}
	EndGlobalSection
EndGlobal
